// !$*UTF8*$!
{
	archiveVersion = 1;
	classes = {
	};
	objectVersion = 55;
	objects = {

/* Begin PBXBuildFile section */
		4D4ED169D50F76ECDF2605AD /* Pods_CoffeeTests.framework in Frameworks */ = {isa = PBXBuildFile; fileRef = 30A089923BD7C50288DC1A87 /* Pods_CoffeeTests.framework */; };
		93D6871E27404B3D1BCF0B9A /* Pods_Coffee_CoffeeUITests.framework in Frameworks */ = {isa = PBXBuildFile; fileRef = 6445D668C653961F06C4C9E7 /* Pods_Coffee_CoffeeUITests.framework */; };
		D5815491E3BC6EC0153F9A67 /* Pods_Coffee.framework in Frameworks */ = {isa = PBXBuildFile; fileRef = 90320A1E2D689B8FF83912EA /* Pods_Coffee.framework */; };
		F0135BF128960A6D00C087AE /* FirebaseStorage in Frameworks */ = {isa = PBXBuildFile; productRef = F0135BF028960A6D00C087AE /* FirebaseStorage */; };
		F0135BF32896568E00C087AE /* ListViewController.swift in Sources */ = {isa = PBXBuildFile; fileRef = F0135BF22896568E00C087AE /* ListViewController.swift */; };
		F02326AC28A8F3B10019CBB5 /* MenuCell.swift in Sources */ = {isa = PBXBuildFile; fileRef = F02326AB28A8F3B10019CBB5 /* MenuCell.swift */; };
		F029B20028A7DBD50022E657 /* BackController.swift in Sources */ = {isa = PBXBuildFile; fileRef = F029B1FF28A7DBD50022E657 /* BackController.swift */; };
		F029B20228A7DEE30022E657 /* ComposeSpotController.swift in Sources */ = {isa = PBXBuildFile; fileRef = F029B20128A7DEE30022E657 /* ComposeSpotController.swift */; };
		F029B20428A7E0B90022E657 /* TheLitterSpotController.swift in Sources */ = {isa = PBXBuildFile; fileRef = F029B20328A7E0B90022E657 /* TheLitterSpotController.swift */; };
		F029B20628A7E1060022E657 /* MegaSpotController.swift in Sources */ = {isa = PBXBuildFile; fileRef = F029B20528A7E1060022E657 /* MegaSpotController.swift */; };
		F029B20928A7E81C0022E657 /* MammothSpotController.swift in Sources */ = {isa = PBXBuildFile; fileRef = F029B20828A7E81C0022E657 /* MammothSpotController.swift */; };
		F029B20B28A7E8290022E657 /* EdiyaSpotController.swift in Sources */ = {isa = PBXBuildFile; fileRef = F029B20A28A7E8290022E657 /* EdiyaSpotController.swift */; };
		F029B20D28A7E8360022E657 /* VentiSpotController.swift in Sources */ = {isa = PBXBuildFile; fileRef = F029B20C28A7E8360022E657 /* VentiSpotController.swift */; };
		F029B20F28A7E8400022E657 /* JuicySpotController.swift in Sources */ = {isa = PBXBuildFile; fileRef = F029B20E28A7E8400022E657 /* JuicySpotController.swift */; };
		F036EEB82898F6AE00ACB884 /* FranchiseviewController.swift in Sources */ = {isa = PBXBuildFile; fileRef = F036EEB72898F6AE00ACB884 /* FranchiseviewController.swift */; };
		F0495A8528936DFD006C4FD7 /* RegisterViewController.swift in Sources */ = {isa = PBXBuildFile; fileRef = F0495A8428936DFD006C4FD7 /* RegisterViewController.swift */; };
		F05F6CB02899E5B3005A5BB3 /* LogoCell.swift in Sources */ = {isa = PBXBuildFile; fileRef = F05F6CAF2899E5B3005A5BB3 /* LogoCell.swift */; };
		F078941C289DD258008BB1BF /* CoreLocation.framework in Frameworks */ = {isa = PBXBuildFile; fileRef = F078941B289DD258008BB1BF /* CoreLocation.framework */; };
		F0789466289DD39C008BB1BF /* QuartzCore.framework in Frameworks */ = {isa = PBXBuildFile; fileRef = F0789465289DD39C008BB1BF /* QuartzCore.framework */; };
		F0789468289DD3A3008BB1BF /* SystemConfiguration.framework in Frameworks */ = {isa = PBXBuildFile; fileRef = F0789467289DD3A3008BB1BF /* SystemConfiguration.framework */; };
		F078946B289DD944008BB1BF /* StarbucksViewController.swift in Sources */ = {isa = PBXBuildFile; fileRef = F078946A289DD944008BB1BF /* StarbucksViewController.swift */; };
		F078946D289E1558008BB1BF /* LocationService.swift in Sources */ = {isa = PBXBuildFile; fileRef = F078946C289E1558008BB1BF /* LocationService.swift */; };
		F0957B8A28979B2500CED146 /* megacoffeecrawling.swift in Sources */ = {isa = PBXBuildFile; fileRef = F0957B8928979B2500CED146 /* megacoffeecrawling.swift */; };
		F0957B8C28979E1700CED146 /* mainviewController.swift in Sources */ = {isa = PBXBuildFile; fileRef = F0957B8B28979E1700CED146 /* mainviewController.swift */; };
		F09B3699288FBD910016B7E7 /* AppDelegate.swift in Sources */ = {isa = PBXBuildFile; fileRef = F09B3698288FBD910016B7E7 /* AppDelegate.swift */; };
		F09B369B288FBD910016B7E7 /* SceneDelegate.swift in Sources */ = {isa = PBXBuildFile; fileRef = F09B369A288FBD910016B7E7 /* SceneDelegate.swift */; };
		F09B36A2288FBD930016B7E7 /* Assets.xcassets in Resources */ = {isa = PBXBuildFile; fileRef = F09B36A1288FBD930016B7E7 /* Assets.xcassets */; };
		F09B36A5288FBD930016B7E7 /* LaunchScreen.storyboard in Resources */ = {isa = PBXBuildFile; fileRef = F09B36A3288FBD930016B7E7 /* LaunchScreen.storyboard */; };
		F09B36B0288FBD930016B7E7 /* CoffeeTests.swift in Sources */ = {isa = PBXBuildFile; fileRef = F09B36AF288FBD930016B7E7 /* CoffeeTests.swift */; };
		F09B36BA288FBD930016B7E7 /* CoffeeUITests.swift in Sources */ = {isa = PBXBuildFile; fileRef = F09B36B9288FBD930016B7E7 /* CoffeeUITests.swift */; };
		F09B36BC288FBD930016B7E7 /* CoffeeUITestsLaunchTests.swift in Sources */ = {isa = PBXBuildFile; fileRef = F09B36BB288FBD930016B7E7 /* CoffeeUITestsLaunchTests.swift */; };
		F09B36C9288FC39B0016B7E7 /* LoginViewController.swift in Sources */ = {isa = PBXBuildFile; fileRef = F09B36C8288FC39B0016B7E7 /* LoginViewController.swift */; };
		F0FA0076289528E400CA229E /* FirebaseAnalytics in Frameworks */ = {isa = PBXBuildFile; productRef = F0FA0075289528E400CA229E /* FirebaseAnalytics */; };
		F0FA0078289528E400CA229E /* FirebaseAuth in Frameworks */ = {isa = PBXBuildFile; productRef = F0FA0077289528E400CA229E /* FirebaseAuth */; };
		F0FA007A289528E400CA229E /* FirebaseDatabase in Frameworks */ = {isa = PBXBuildFile; productRef = F0FA0079289528E400CA229E /* FirebaseDatabase */; };
		F0FA007C28952AA100CA229E /* GoogleService-Info.plist in Resources */ = {isa = PBXBuildFile; fileRef = F0FA007B28952AA100CA229E /* GoogleService-Info.plist */; };
		F0FAE6B22890CF8A002C3BC3 /* SnapKit in Frameworks */ = {isa = PBXBuildFile; productRef = F0FAE6B12890CF8A002C3BC3 /* SnapKit */; };
/* End PBXBuildFile section */

/* Begin PBXContainerItemProxy section */
		F09B36AC288FBD930016B7E7 /* PBXContainerItemProxy */ = {
			isa = PBXContainerItemProxy;
			containerPortal = F09B368D288FBD910016B7E7 /* Project object */;
			proxyType = 1;
			remoteGlobalIDString = F09B3694288FBD910016B7E7;
			remoteInfo = Coffee;
		};
		F09B36B6288FBD930016B7E7 /* PBXContainerItemProxy */ = {
			isa = PBXContainerItemProxy;
			containerPortal = F09B368D288FBD910016B7E7 /* Project object */;
			proxyType = 1;
			remoteGlobalIDString = F09B3694288FBD910016B7E7;
			remoteInfo = Coffee;
		};
/* End PBXContainerItemProxy section */

/* Begin PBXFileReference section */
		30A089923BD7C50288DC1A87 /* Pods_CoffeeTests.framework */ = {isa = PBXFileReference; explicitFileType = wrapper.framework; includeInIndex = 0; path = Pods_CoffeeTests.framework; sourceTree = BUILT_PRODUCTS_DIR; };
		591ACEBA9D0A1FD95335A3FD /* Pods-Coffee.debug.xcconfig */ = {isa = PBXFileReference; includeInIndex = 1; lastKnownFileType = text.xcconfig; name = "Pods-Coffee.debug.xcconfig"; path = "Target Support Files/Pods-Coffee/Pods-Coffee.debug.xcconfig"; sourceTree = "<group>"; };
		6445D668C653961F06C4C9E7 /* Pods_Coffee_CoffeeUITests.framework */ = {isa = PBXFileReference; explicitFileType = wrapper.framework; includeInIndex = 0; path = Pods_Coffee_CoffeeUITests.framework; sourceTree = BUILT_PRODUCTS_DIR; };
		7167206C4540D42AE1DD3692 /* Pods-Coffee-CoffeeUITests.release.xcconfig */ = {isa = PBXFileReference; includeInIndex = 1; lastKnownFileType = text.xcconfig; name = "Pods-Coffee-CoffeeUITests.release.xcconfig"; path = "Target Support Files/Pods-Coffee-CoffeeUITests/Pods-Coffee-CoffeeUITests.release.xcconfig"; sourceTree = "<group>"; };
		90320A1E2D689B8FF83912EA /* Pods_Coffee.framework */ = {isa = PBXFileReference; explicitFileType = wrapper.framework; includeInIndex = 0; path = Pods_Coffee.framework; sourceTree = BUILT_PRODUCTS_DIR; };
		9822DC9F5B009252BF947B76 /* Pods-Coffee-CoffeeUITests.debug.xcconfig */ = {isa = PBXFileReference; includeInIndex = 1; lastKnownFileType = text.xcconfig; name = "Pods-Coffee-CoffeeUITests.debug.xcconfig"; path = "Target Support Files/Pods-Coffee-CoffeeUITests/Pods-Coffee-CoffeeUITests.debug.xcconfig"; sourceTree = "<group>"; };
		A1451B950958890CE5AFDD1C /* Pods-Coffee.release.xcconfig */ = {isa = PBXFileReference; includeInIndex = 1; lastKnownFileType = text.xcconfig; name = "Pods-Coffee.release.xcconfig"; path = "Target Support Files/Pods-Coffee/Pods-Coffee.release.xcconfig"; sourceTree = "<group>"; };
		C25C68E3BFA8D52F164220DF /* Pods-CoffeeTests.debug.xcconfig */ = {isa = PBXFileReference; includeInIndex = 1; lastKnownFileType = text.xcconfig; name = "Pods-CoffeeTests.debug.xcconfig"; path = "Target Support Files/Pods-CoffeeTests/Pods-CoffeeTests.debug.xcconfig"; sourceTree = "<group>"; };
		DADEB1B072F00A23E8433CE6 /* Pods-CoffeeTests.release.xcconfig */ = {isa = PBXFileReference; includeInIndex = 1; lastKnownFileType = text.xcconfig; name = "Pods-CoffeeTests.release.xcconfig"; path = "Target Support Files/Pods-CoffeeTests/Pods-CoffeeTests.release.xcconfig"; sourceTree = "<group>"; };
		F0135BF22896568E00C087AE /* ListViewController.swift */ = {isa = PBXFileReference; lastKnownFileType = sourcecode.swift; path = ListViewController.swift; sourceTree = "<group>"; };
		F02326AB28A8F3B10019CBB5 /* MenuCell.swift */ = {isa = PBXFileReference; lastKnownFileType = sourcecode.swift; path = MenuCell.swift; sourceTree = "<group>"; };
		F029B1FF28A7DBD50022E657 /* BackController.swift */ = {isa = PBXFileReference; lastKnownFileType = sourcecode.swift; path = BackController.swift; sourceTree = "<group>"; };
		F029B20128A7DEE30022E657 /* ComposeSpotController.swift */ = {isa = PBXFileReference; lastKnownFileType = sourcecode.swift; path = ComposeSpotController.swift; sourceTree = "<group>"; };
		F029B20328A7E0B90022E657 /* TheLitterSpotController.swift */ = {isa = PBXFileReference; lastKnownFileType = sourcecode.swift; path = TheLitterSpotController.swift; sourceTree = "<group>"; };
		F029B20528A7E1060022E657 /* MegaSpotController.swift */ = {isa = PBXFileReference; lastKnownFileType = sourcecode.swift; path = MegaSpotController.swift; sourceTree = "<group>"; };
		F029B20828A7E81C0022E657 /* MammothSpotController.swift */ = {isa = PBXFileReference; lastKnownFileType = sourcecode.swift; path = MammothSpotController.swift; sourceTree = "<group>"; };
		F029B20A28A7E8290022E657 /* EdiyaSpotController.swift */ = {isa = PBXFileReference; lastKnownFileType = sourcecode.swift; path = EdiyaSpotController.swift; sourceTree = "<group>"; };
		F029B20C28A7E8360022E657 /* VentiSpotController.swift */ = {isa = PBXFileReference; lastKnownFileType = sourcecode.swift; path = VentiSpotController.swift; sourceTree = "<group>"; };
		F029B20E28A7E8400022E657 /* JuicySpotController.swift */ = {isa = PBXFileReference; lastKnownFileType = sourcecode.swift; path = JuicySpotController.swift; sourceTree = "<group>"; };
		F036EEB72898F6AE00ACB884 /* FranchiseviewController.swift */ = {isa = PBXFileReference; lastKnownFileType = sourcecode.swift; path = FranchiseviewController.swift; sourceTree = "<group>"; };
		F0495A8428936DFD006C4FD7 /* RegisterViewController.swift */ = {isa = PBXFileReference; lastKnownFileType = sourcecode.swift; path = RegisterViewController.swift; sourceTree = "<group>"; };
		F05F6CAF2899E5B3005A5BB3 /* LogoCell.swift */ = {isa = PBXFileReference; lastKnownFileType = sourcecode.swift; path = LogoCell.swift; sourceTree = "<group>"; };
		F078941B289DD258008BB1BF /* CoreLocation.framework */ = {isa = PBXFileReference; lastKnownFileType = wrapper.framework; name = CoreLocation.framework; path = System/Library/Frameworks/CoreLocation.framework; sourceTree = SDKROOT; };
		F0789465289DD39C008BB1BF /* QuartzCore.framework */ = {isa = PBXFileReference; lastKnownFileType = wrapper.framework; name = QuartzCore.framework; path = System/Library/Frameworks/QuartzCore.framework; sourceTree = SDKROOT; };
		F0789467289DD3A3008BB1BF /* SystemConfiguration.framework */ = {isa = PBXFileReference; lastKnownFileType = wrapper.framework; name = SystemConfiguration.framework; path = System/Library/Frameworks/SystemConfiguration.framework; sourceTree = SDKROOT; };
		F0789469289DD42A008BB1BF /* Header.h */ = {isa = PBXFileReference; lastKnownFileType = sourcecode.c.h; path = Header.h; sourceTree = "<group>"; };
		F078946A289DD944008BB1BF /* StarbucksViewController.swift */ = {isa = PBXFileReference; lastKnownFileType = sourcecode.swift; path = StarbucksViewController.swift; sourceTree = "<group>"; };
		F078946C289E1558008BB1BF /* LocationService.swift */ = {isa = PBXFileReference; lastKnownFileType = sourcecode.swift; path = LocationService.swift; sourceTree = "<group>"; };
		F0957B8928979B2500CED146 /* megacoffeecrawling.swift */ = {isa = PBXFileReference; lastKnownFileType = sourcecode.swift; path = megacoffeecrawling.swift; sourceTree = "<group>"; };
		F0957B8B28979E1700CED146 /* mainviewController.swift */ = {isa = PBXFileReference; lastKnownFileType = sourcecode.swift; path = mainviewController.swift; sourceTree = "<group>"; };
		F09B3695288FBD910016B7E7 /* Coffee.app */ = {isa = PBXFileReference; explicitFileType = wrapper.application; includeInIndex = 0; path = Coffee.app; sourceTree = BUILT_PRODUCTS_DIR; };
		F09B3698288FBD910016B7E7 /* AppDelegate.swift */ = {isa = PBXFileReference; lastKnownFileType = sourcecode.swift; path = AppDelegate.swift; sourceTree = "<group>"; };
		F09B369A288FBD910016B7E7 /* SceneDelegate.swift */ = {isa = PBXFileReference; lastKnownFileType = sourcecode.swift; path = SceneDelegate.swift; sourceTree = "<group>"; };
		F09B36A1288FBD930016B7E7 /* Assets.xcassets */ = {isa = PBXFileReference; lastKnownFileType = folder.assetcatalog; path = Assets.xcassets; sourceTree = "<group>"; };
		F09B36A4288FBD930016B7E7 /* Base */ = {isa = PBXFileReference; lastKnownFileType = file.storyboard; name = Base; path = Base.lproj/LaunchScreen.storyboard; sourceTree = "<group>"; };
		F09B36A6288FBD930016B7E7 /* Info.plist */ = {isa = PBXFileReference; lastKnownFileType = text.plist.xml; path = Info.plist; sourceTree = "<group>"; };
		F09B36AB288FBD930016B7E7 /* CoffeeTests.xctest */ = {isa = PBXFileReference; explicitFileType = wrapper.cfbundle; includeInIndex = 0; path = CoffeeTests.xctest; sourceTree = BUILT_PRODUCTS_DIR; };
		F09B36AF288FBD930016B7E7 /* CoffeeTests.swift */ = {isa = PBXFileReference; lastKnownFileType = sourcecode.swift; path = CoffeeTests.swift; sourceTree = "<group>"; };
		F09B36B5288FBD930016B7E7 /* CoffeeUITests.xctest */ = {isa = PBXFileReference; explicitFileType = wrapper.cfbundle; includeInIndex = 0; path = CoffeeUITests.xctest; sourceTree = BUILT_PRODUCTS_DIR; };
		F09B36B9288FBD930016B7E7 /* CoffeeUITests.swift */ = {isa = PBXFileReference; lastKnownFileType = sourcecode.swift; path = CoffeeUITests.swift; sourceTree = "<group>"; };
		F09B36BB288FBD930016B7E7 /* CoffeeUITestsLaunchTests.swift */ = {isa = PBXFileReference; lastKnownFileType = sourcecode.swift; path = CoffeeUITestsLaunchTests.swift; sourceTree = "<group>"; };
		F09B36C8288FC39B0016B7E7 /* LoginViewController.swift */ = {isa = PBXFileReference; lastKnownFileType = sourcecode.swift; path = LoginViewController.swift; sourceTree = "<group>"; };
		F0FA007B28952AA100CA229E /* GoogleService-Info.plist */ = {isa = PBXFileReference; fileEncoding = 4; lastKnownFileType = text.plist.xml; path = "GoogleService-Info.plist"; sourceTree = "<group>"; };
/* End PBXFileReference section */

/* Begin PBXFrameworksBuildPhase section */
		F09B3692288FBD910016B7E7 /* Frameworks */ = {
			isa = PBXFrameworksBuildPhase;
			buildActionMask = 2147483647;
			files = (
				F0789466289DD39C008BB1BF /* QuartzCore.framework in Frameworks */,
				F0FA007A289528E400CA229E /* FirebaseDatabase in Frameworks */,
				D5815491E3BC6EC0153F9A67 /* Pods_Coffee.framework in Frameworks */,
				F0FAE6B22890CF8A002C3BC3 /* SnapKit in Frameworks */,
				F0789468289DD3A3008BB1BF /* SystemConfiguration.framework in Frameworks */,
				F0FA0076289528E400CA229E /* FirebaseAnalytics in Frameworks */,
				F078941C289DD258008BB1BF /* CoreLocation.framework in Frameworks */,
				F0FA0078289528E400CA229E /* FirebaseAuth in Frameworks */,
				F0135BF128960A6D00C087AE /* FirebaseStorage in Frameworks */,
			);
			runOnlyForDeploymentPostprocessing = 0;
		};
		F09B36A8288FBD930016B7E7 /* Frameworks */ = {
			isa = PBXFrameworksBuildPhase;
			buildActionMask = 2147483647;
			files = (
				4D4ED169D50F76ECDF2605AD /* Pods_CoffeeTests.framework in Frameworks */,
			);
			runOnlyForDeploymentPostprocessing = 0;
		};
		F09B36B2288FBD930016B7E7 /* Frameworks */ = {
			isa = PBXFrameworksBuildPhase;
			buildActionMask = 2147483647;
			files = (
				93D6871E27404B3D1BCF0B9A /* Pods_Coffee_CoffeeUITests.framework in Frameworks */,
			);
			runOnlyForDeploymentPostprocessing = 0;
		};
/* End PBXFrameworksBuildPhase section */

/* Begin PBXGroup section */
		54A7FD66DF9FBC62F87F704D /* Pods */ = {
			isa = PBXGroup;
			children = (
				591ACEBA9D0A1FD95335A3FD /* Pods-Coffee.debug.xcconfig */,
				A1451B950958890CE5AFDD1C /* Pods-Coffee.release.xcconfig */,
				9822DC9F5B009252BF947B76 /* Pods-Coffee-CoffeeUITests.debug.xcconfig */,
				7167206C4540D42AE1DD3692 /* Pods-Coffee-CoffeeUITests.release.xcconfig */,
				C25C68E3BFA8D52F164220DF /* Pods-CoffeeTests.debug.xcconfig */,
				DADEB1B072F00A23E8433CE6 /* Pods-CoffeeTests.release.xcconfig */,
			);
			path = Pods;
			sourceTree = "<group>";
		};
		AE55AD720A684039062BDC1C /* Frameworks */ = {
			isa = PBXGroup;
			children = (
				F0789467289DD3A3008BB1BF /* SystemConfiguration.framework */,
				F0789465289DD39C008BB1BF /* QuartzCore.framework */,
				F078941B289DD258008BB1BF /* CoreLocation.framework */,
				90320A1E2D689B8FF83912EA /* Pods_Coffee.framework */,
				6445D668C653961F06C4C9E7 /* Pods_Coffee_CoffeeUITests.framework */,
				30A089923BD7C50288DC1A87 /* Pods_CoffeeTests.framework */,
			);
			name = Frameworks;
			sourceTree = "<group>";
		};
		F029B20728A7E15F0022E657 /* Spot */ = {
			isa = PBXGroup;
			children = (
				F029B20C28A7E8360022E657 /* VentiSpotController.swift */,
				F078946A289DD944008BB1BF /* StarbucksViewController.swift */,
				F029B1FF28A7DBD50022E657 /* BackController.swift */,
				F029B20128A7DEE30022E657 /* ComposeSpotController.swift */,
				F029B20328A7E0B90022E657 /* TheLitterSpotController.swift */,
				F029B20528A7E1060022E657 /* MegaSpotController.swift */,
				F029B20828A7E81C0022E657 /* MammothSpotController.swift */,
				F029B20A28A7E8290022E657 /* EdiyaSpotController.swift */,
				F029B20E28A7E8400022E657 /* JuicySpotController.swift */,
			);
			path = Spot;
			sourceTree = "<group>";
		};
		F09B368C288FBD910016B7E7 = {
			isa = PBXGroup;
			children = (
				F09B3697288FBD910016B7E7 /* Coffee */,
				F09B36AE288FBD930016B7E7 /* CoffeeTests */,
				F09B36B8288FBD930016B7E7 /* CoffeeUITests */,
				F09B3696288FBD910016B7E7 /* Products */,
				54A7FD66DF9FBC62F87F704D /* Pods */,
				AE55AD720A684039062BDC1C /* Frameworks */,
			);
			sourceTree = "<group>";
		};
		F09B3696288FBD910016B7E7 /* Products */ = {
			isa = PBXGroup;
			children = (
				F09B3695288FBD910016B7E7 /* Coffee.app */,
				F09B36AB288FBD930016B7E7 /* CoffeeTests.xctest */,
				F09B36B5288FBD930016B7E7 /* CoffeeUITests.xctest */,
			);
			name = Products;
			sourceTree = "<group>";
		};
		F09B3697288FBD910016B7E7 /* Coffee */ = {
			isa = PBXGroup;
			children = (
				F0957B8928979B2500CED146 /* megacoffeecrawling.swift */,
				F09B3698288FBD910016B7E7 /* AppDelegate.swift */,
				F09B369A288FBD910016B7E7 /* SceneDelegate.swift */,
				F0FA007B28952AA100CA229E /* GoogleService-Info.plist */,
				F09B36C8288FC39B0016B7E7 /* LoginViewController.swift */,
				F0495A8428936DFD006C4FD7 /* RegisterViewController.swift */,
				F0135BF22896568E00C087AE /* ListViewController.swift */,
				F036EEB72898F6AE00ACB884 /* FranchiseviewController.swift */,
				F029B20728A7E15F0022E657 /* Spot */,
				F078946C289E1558008BB1BF /* LocationService.swift */,
				F05F6CAF2899E5B3005A5BB3 /* LogoCell.swift */,
				F02326AB28A8F3B10019CBB5 /* MenuCell.swift */,
				F0957B8B28979E1700CED146 /* mainviewController.swift */,
				F09B36A1288FBD930016B7E7 /* Assets.xcassets */,
				F09B36A3288FBD930016B7E7 /* LaunchScreen.storyboard */,
				F09B36A6288FBD930016B7E7 /* Info.plist */,
				F0789469289DD42A008BB1BF /* Header.h */,
			);
			path = Coffee;
			sourceTree = "<group>";
		};
		F09B36AE288FBD930016B7E7 /* CoffeeTests */ = {
			isa = PBXGroup;
			children = (
				F09B36AF288FBD930016B7E7 /* CoffeeTests.swift */,
			);
			path = CoffeeTests;
			sourceTree = "<group>";
		};
		F09B36B8288FBD930016B7E7 /* CoffeeUITests */ = {
			isa = PBXGroup;
			children = (
				F09B36B9288FBD930016B7E7 /* CoffeeUITests.swift */,
				F09B36BB288FBD930016B7E7 /* CoffeeUITestsLaunchTests.swift */,
			);
			path = CoffeeUITests;
			sourceTree = "<group>";
		};
/* End PBXGroup section */

/* Begin PBXNativeTarget section */
		F09B3694288FBD910016B7E7 /* Coffee */ = {
			isa = PBXNativeTarget;
			buildConfigurationList = F09B36BF288FBD930016B7E7 /* Build configuration list for PBXNativeTarget "Coffee" */;
			buildPhases = (
				F98BE4B68CEFF81F55D66A12 /* [CP] Check Pods Manifest.lock */,
				F09B3691288FBD910016B7E7 /* Sources */,
				F09B3692288FBD910016B7E7 /* Frameworks */,
				F09B3693288FBD910016B7E7 /* Resources */,
				C549FB3E70FE2ABB9A2434E3 /* [CP] Embed Pods Frameworks */,
			);
			buildRules = (
			);
			dependencies = (
			);
			name = Coffee;
			packageProductDependencies = (
				F0FAE6B12890CF8A002C3BC3 /* SnapKit */,
				F0FA0075289528E400CA229E /* FirebaseAnalytics */,
				F0FA0077289528E400CA229E /* FirebaseAuth */,
				F0FA0079289528E400CA229E /* FirebaseDatabase */,
				F0135BF028960A6D00C087AE /* FirebaseStorage */,
			);
			productName = Coffee;
			productReference = F09B3695288FBD910016B7E7 /* Coffee.app */;
			productType = "com.apple.product-type.application";
		};
		F09B36AA288FBD930016B7E7 /* CoffeeTests */ = {
			isa = PBXNativeTarget;
			buildConfigurationList = F09B36C2288FBD930016B7E7 /* Build configuration list for PBXNativeTarget "CoffeeTests" */;
			buildPhases = (
				6220CB75C33CB800E2EC4B64 /* [CP] Check Pods Manifest.lock */,
				F09B36A7288FBD930016B7E7 /* Sources */,
				F09B36A8288FBD930016B7E7 /* Frameworks */,
				F09B36A9288FBD930016B7E7 /* Resources */,
			);
			buildRules = (
			);
			dependencies = (
				F09B36AD288FBD930016B7E7 /* PBXTargetDependency */,
			);
			name = CoffeeTests;
			productName = CoffeeTests;
			productReference = F09B36AB288FBD930016B7E7 /* CoffeeTests.xctest */;
			productType = "com.apple.product-type.bundle.unit-test";
		};
		F09B36B4288FBD930016B7E7 /* CoffeeUITests */ = {
			isa = PBXNativeTarget;
			buildConfigurationList = F09B36C5288FBD930016B7E7 /* Build configuration list for PBXNativeTarget "CoffeeUITests" */;
			buildPhases = (
				D01CC051A90ADCDDE9DBADAA /* [CP] Check Pods Manifest.lock */,
				F09B36B1288FBD930016B7E7 /* Sources */,
				F09B36B2288FBD930016B7E7 /* Frameworks */,
				F09B36B3288FBD930016B7E7 /* Resources */,
				C6BC1115604DE2C07CD3C40E /* [CP] Embed Pods Frameworks */,
			);
			buildRules = (
			);
			dependencies = (
				F09B36B7288FBD930016B7E7 /* PBXTargetDependency */,
			);
			name = CoffeeUITests;
			productName = CoffeeUITests;
			productReference = F09B36B5288FBD930016B7E7 /* CoffeeUITests.xctest */;
			productType = "com.apple.product-type.bundle.ui-testing";
		};
/* End PBXNativeTarget section */

/* Begin PBXProject section */
		F09B368D288FBD910016B7E7 /* Project object */ = {
			isa = PBXProject;
			attributes = {
				BuildIndependentTargetsInParallel = 1;
				LastSwiftUpdateCheck = 1320;
				LastUpgradeCheck = 1320;
				TargetAttributes = {
					F09B3694288FBD910016B7E7 = {
						CreatedOnToolsVersion = 13.2.1;
					};
					F09B36AA288FBD930016B7E7 = {
						CreatedOnToolsVersion = 13.2.1;
						TestTargetID = F09B3694288FBD910016B7E7;
					};
					F09B36B4288FBD930016B7E7 = {
						CreatedOnToolsVersion = 13.2.1;
						TestTargetID = F09B3694288FBD910016B7E7;
					};
				};
			};
			buildConfigurationList = F09B3690288FBD910016B7E7 /* Build configuration list for PBXProject "Coffee" */;
			compatibilityVersion = "Xcode 13.0";
			developmentRegion = en;
			hasScannedForEncodings = 0;
			knownRegions = (
				en,
				Base,
			);
			mainGroup = F09B368C288FBD910016B7E7;
			packageReferences = (
				F0FAE6B02890CF8A002C3BC3 /* XCRemoteSwiftPackageReference "SnapKit" */,
				F0FA0074289528E400CA229E /* XCRemoteSwiftPackageReference "firebase-ios-sdk" */,
			);
			productRefGroup = F09B3696288FBD910016B7E7 /* Products */;
			projectDirPath = "";
			projectRoot = "";
			targets = (
				F09B3694288FBD910016B7E7 /* Coffee */,
				F09B36AA288FBD930016B7E7 /* CoffeeTests */,
				F09B36B4288FBD930016B7E7 /* CoffeeUITests */,
			);
		};
/* End PBXProject section */

/* Begin PBXResourcesBuildPhase section */
		F09B3693288FBD910016B7E7 /* Resources */ = {
			isa = PBXResourcesBuildPhase;
			buildActionMask = 2147483647;
			files = (
				F09B36A5288FBD930016B7E7 /* LaunchScreen.storyboard in Resources */,
				F09B36A2288FBD930016B7E7 /* Assets.xcassets in Resources */,
				F0FA007C28952AA100CA229E /* GoogleService-Info.plist in Resources */,
			);
			runOnlyForDeploymentPostprocessing = 0;
		};
		F09B36A9288FBD930016B7E7 /* Resources */ = {
			isa = PBXResourcesBuildPhase;
			buildActionMask = 2147483647;
			files = (
			);
			runOnlyForDeploymentPostprocessing = 0;
		};
		F09B36B3288FBD930016B7E7 /* Resources */ = {
			isa = PBXResourcesBuildPhase;
			buildActionMask = 2147483647;
			files = (
			);
			runOnlyForDeploymentPostprocessing = 0;
		};
/* End PBXResourcesBuildPhase section */

/* Begin PBXShellScriptBuildPhase section */
		6220CB75C33CB800E2EC4B64 /* [CP] Check Pods Manifest.lock */ = {
			isa = PBXShellScriptBuildPhase;
			buildActionMask = 2147483647;
			files = (
			);
			inputFileListPaths = (
			);
			inputPaths = (
				"${PODS_PODFILE_DIR_PATH}/Podfile.lock",
				"${PODS_ROOT}/Manifest.lock",
			);
			name = "[CP] Check Pods Manifest.lock";
			outputFileListPaths = (
			);
			outputPaths = (
				"$(DERIVED_FILE_DIR)/Pods-CoffeeTests-checkManifestLockResult.txt",
			);
			runOnlyForDeploymentPostprocessing = 0;
			shellPath = /bin/sh;
			shellScript = "diff \"${PODS_PODFILE_DIR_PATH}/Podfile.lock\" \"${PODS_ROOT}/Manifest.lock\" > /dev/null\nif [ $? != 0 ] ; then\n    # print error to STDERR\n    echo \"error: The sandbox is not in sync with the Podfile.lock. Run 'pod install' or update your CocoaPods installation.\" >&2\n    exit 1\nfi\n# This output is used by Xcode 'outputs' to avoid re-running this script phase.\necho \"SUCCESS\" > \"${SCRIPT_OUTPUT_FILE_0}\"\n";
			showEnvVarsInLog = 0;
		};
		C549FB3E70FE2ABB9A2434E3 /* [CP] Embed Pods Frameworks */ = {
			isa = PBXShellScriptBuildPhase;
			buildActionMask = 2147483647;
			files = (
			);
			inputFileListPaths = (
				"${PODS_ROOT}/Target Support Files/Pods-Coffee/Pods-Coffee-frameworks-${CONFIGURATION}-input-files.xcfilelist",
			);
			name = "[CP] Embed Pods Frameworks";
			outputFileListPaths = (
				"${PODS_ROOT}/Target Support Files/Pods-Coffee/Pods-Coffee-frameworks-${CONFIGURATION}-output-files.xcfilelist",
			);
			runOnlyForDeploymentPostprocessing = 0;
			shellPath = /bin/sh;
			shellScript = "\"${PODS_ROOT}/Target Support Files/Pods-Coffee/Pods-Coffee-frameworks.sh\"\n";
			showEnvVarsInLog = 0;
		};
		C6BC1115604DE2C07CD3C40E /* [CP] Embed Pods Frameworks */ = {
			isa = PBXShellScriptBuildPhase;
			buildActionMask = 2147483647;
			files = (
			);
			inputFileListPaths = (
				"${PODS_ROOT}/Target Support Files/Pods-Coffee-CoffeeUITests/Pods-Coffee-CoffeeUITests-frameworks-${CONFIGURATION}-input-files.xcfilelist",
			);
			name = "[CP] Embed Pods Frameworks";
			outputFileListPaths = (
				"${PODS_ROOT}/Target Support Files/Pods-Coffee-CoffeeUITests/Pods-Coffee-CoffeeUITests-frameworks-${CONFIGURATION}-output-files.xcfilelist",
			);
			runOnlyForDeploymentPostprocessing = 0;
			shellPath = /bin/sh;
			shellScript = "\"${PODS_ROOT}/Target Support Files/Pods-Coffee-CoffeeUITests/Pods-Coffee-CoffeeUITests-frameworks.sh\"\n";
			showEnvVarsInLog = 0;
		};
		D01CC051A90ADCDDE9DBADAA /* [CP] Check Pods Manifest.lock */ = {
			isa = PBXShellScriptBuildPhase;
			buildActionMask = 2147483647;
			files = (
			);
			inputFileListPaths = (
			);
			inputPaths = (
				"${PODS_PODFILE_DIR_PATH}/Podfile.lock",
				"${PODS_ROOT}/Manifest.lock",
			);
			name = "[CP] Check Pods Manifest.lock";
			outputFileListPaths = (
			);
			outputPaths = (
				"$(DERIVED_FILE_DIR)/Pods-Coffee-CoffeeUITests-checkManifestLockResult.txt",
			);
			runOnlyForDeploymentPostprocessing = 0;
			shellPath = /bin/sh;
			shellScript = "diff \"${PODS_PODFILE_DIR_PATH}/Podfile.lock\" \"${PODS_ROOT}/Manifest.lock\" > /dev/null\nif [ $? != 0 ] ; then\n    # print error to STDERR\n    echo \"error: The sandbox is not in sync with the Podfile.lock. Run 'pod install' or update your CocoaPods installation.\" >&2\n    exit 1\nfi\n# This output is used by Xcode 'outputs' to avoid re-running this script phase.\necho \"SUCCESS\" > \"${SCRIPT_OUTPUT_FILE_0}\"\n";
			showEnvVarsInLog = 0;
		};
		F98BE4B68CEFF81F55D66A12 /* [CP] Check Pods Manifest.lock */ = {
			isa = PBXShellScriptBuildPhase;
			buildActionMask = 2147483647;
			files = (
			);
			inputFileListPaths = (
			);
			inputPaths = (
				"${PODS_PODFILE_DIR_PATH}/Podfile.lock",
				"${PODS_ROOT}/Manifest.lock",
			);
			name = "[CP] Check Pods Manifest.lock";
			outputFileListPaths = (
			);
			outputPaths = (
				"$(DERIVED_FILE_DIR)/Pods-Coffee-checkManifestLockResult.txt",
			);
			runOnlyForDeploymentPostprocessing = 0;
			shellPath = /bin/sh;
			shellScript = "diff \"${PODS_PODFILE_DIR_PATH}/Podfile.lock\" \"${PODS_ROOT}/Manifest.lock\" > /dev/null\nif [ $? != 0 ] ; then\n    # print error to STDERR\n    echo \"error: The sandbox is not in sync with the Podfile.lock. Run 'pod install' or update your CocoaPods installation.\" >&2\n    exit 1\nfi\n# This output is used by Xcode 'outputs' to avoid re-running this script phase.\necho \"SUCCESS\" > \"${SCRIPT_OUTPUT_FILE_0}\"\n";
			showEnvVarsInLog = 0;
		};
/* End PBXShellScriptBuildPhase section */

/* Begin PBXSourcesBuildPhase section */
		F09B3691288FBD910016B7E7 /* Sources */ = {
			isa = PBXSourcesBuildPhase;
			buildActionMask = 2147483647;
			files = (
				F029B20028A7DBD50022E657 /* BackController.swift in Sources */,
				F029B20628A7E1060022E657 /* MegaSpotController.swift in Sources */,
				F0957B8A28979B2500CED146 /* megacoffeecrawling.swift in Sources */,
				F029B20928A7E81C0022E657 /* MammothSpotController.swift in Sources */,
				F09B36C9288FC39B0016B7E7 /* LoginViewController.swift in Sources */,
				F029B20B28A7E8290022E657 /* EdiyaSpotController.swift in Sources */,
				F02326AC28A8F3B10019CBB5 /* MenuCell.swift in Sources */,
				F09B3699288FBD910016B7E7 /* AppDelegate.swift in Sources */,
				F029B20F28A7E8400022E657 /* JuicySpotController.swift in Sources */,
				F0957B8C28979E1700CED146 /* mainviewController.swift in Sources */,
				F09B369B288FBD910016B7E7 /* SceneDelegate.swift in Sources */,
				F029B20228A7DEE30022E657 /* ComposeSpotController.swift in Sources */,
				F036EEB82898F6AE00ACB884 /* FranchiseviewController.swift in Sources */,
				F078946D289E1558008BB1BF /* LocationService.swift in Sources */,
				F029B20D28A7E8360022E657 /* VentiSpotController.swift in Sources */,
				F029B20428A7E0B90022E657 /* TheLitterSpotController.swift in Sources */,
				F0135BF32896568E00C087AE /* ListViewController.swift in Sources */,
				F078946B289DD944008BB1BF /* StarbucksViewController.swift in Sources */,
				F0495A8528936DFD006C4FD7 /* RegisterViewController.swift in Sources */,
				F05F6CB02899E5B3005A5BB3 /* LogoCell.swift in Sources */,
			);
			runOnlyForDeploymentPostprocessing = 0;
		};
		F09B36A7288FBD930016B7E7 /* Sources */ = {
			isa = PBXSourcesBuildPhase;
			buildActionMask = 2147483647;
			files = (
				F09B36B0288FBD930016B7E7 /* CoffeeTests.swift in Sources */,
			);
			runOnlyForDeploymentPostprocessing = 0;
		};
		F09B36B1288FBD930016B7E7 /* Sources */ = {
			isa = PBXSourcesBuildPhase;
			buildActionMask = 2147483647;
			files = (
				F09B36BC288FBD930016B7E7 /* CoffeeUITestsLaunchTests.swift in Sources */,
				F09B36BA288FBD930016B7E7 /* CoffeeUITests.swift in Sources */,
			);
			runOnlyForDeploymentPostprocessing = 0;
		};
/* End PBXSourcesBuildPhase section */

/* Begin PBXTargetDependency section */
		F09B36AD288FBD930016B7E7 /* PBXTargetDependency */ = {
			isa = PBXTargetDependency;
			target = F09B3694288FBD910016B7E7 /* Coffee */;
			targetProxy = F09B36AC288FBD930016B7E7 /* PBXContainerItemProxy */;
		};
		F09B36B7288FBD930016B7E7 /* PBXTargetDependency */ = {
			isa = PBXTargetDependency;
			target = F09B3694288FBD910016B7E7 /* Coffee */;
			targetProxy = F09B36B6288FBD930016B7E7 /* PBXContainerItemProxy */;
		};
/* End PBXTargetDependency section */

/* Begin PBXVariantGroup section */
		F09B36A3288FBD930016B7E7 /* LaunchScreen.storyboard */ = {
			isa = PBXVariantGroup;
			children = (
				F09B36A4288FBD930016B7E7 /* Base */,
			);
			name = LaunchScreen.storyboard;
			sourceTree = "<group>";
		};
/* End PBXVariantGroup section */

/* Begin XCBuildConfiguration section */
		F09B36BD288FBD930016B7E7 /* Debug */ = {
			isa = XCBuildConfiguration;
			buildSettings = {
				ALWAYS_SEARCH_USER_PATHS = NO;
				CLANG_ANALYZER_NONNULL = YES;
				CLANG_ANALYZER_NUMBER_OBJECT_CONVERSION = YES_AGGRESSIVE;
				CLANG_CXX_LANGUAGE_STANDARD = "gnu++17";
				CLANG_CXX_LIBRARY = "libc++";
				CLANG_ENABLE_MODULES = YES;
				CLANG_ENABLE_OBJC_ARC = YES;
				CLANG_ENABLE_OBJC_WEAK = YES;
				CLANG_WARN_BLOCK_CAPTURE_AUTORELEASING = YES;
				CLANG_WARN_BOOL_CONVERSION = YES;
				CLANG_WARN_COMMA = YES;
				CLANG_WARN_CONSTANT_CONVERSION = YES;
				CLANG_WARN_DEPRECATED_OBJC_IMPLEMENTATIONS = YES;
				CLANG_WARN_DIRECT_OBJC_ISA_USAGE = YES_ERROR;
				CLANG_WARN_DOCUMENTATION_COMMENTS = YES;
				CLANG_WARN_EMPTY_BODY = YES;
				CLANG_WARN_ENUM_CONVERSION = YES;
				CLANG_WARN_INFINITE_RECURSION = YES;
				CLANG_WARN_INT_CONVERSION = YES;
				CLANG_WARN_NON_LITERAL_NULL_CONVERSION = YES;
				CLANG_WARN_OBJC_IMPLICIT_RETAIN_SELF = YES;
				CLANG_WARN_OBJC_LITERAL_CONVERSION = YES;
				CLANG_WARN_OBJC_ROOT_CLASS = YES_ERROR;
				CLANG_WARN_QUOTED_INCLUDE_IN_FRAMEWORK_HEADER = YES;
				CLANG_WARN_RANGE_LOOP_ANALYSIS = YES;
				CLANG_WARN_STRICT_PROTOTYPES = YES;
				CLANG_WARN_SUSPICIOUS_MOVE = YES;
				CLANG_WARN_UNGUARDED_AVAILABILITY = YES_AGGRESSIVE;
				CLANG_WARN_UNREACHABLE_CODE = YES;
				CLANG_WARN__DUPLICATE_METHOD_MATCH = YES;
				COPY_PHASE_STRIP = NO;
				DEBUG_INFORMATION_FORMAT = dwarf;
				ENABLE_STRICT_OBJC_MSGSEND = YES;
				ENABLE_TESTABILITY = YES;
				GCC_C_LANGUAGE_STANDARD = gnu11;
				GCC_DYNAMIC_NO_PIC = NO;
				GCC_NO_COMMON_BLOCKS = YES;
				GCC_OPTIMIZATION_LEVEL = 0;
				GCC_PREPROCESSOR_DEFINITIONS = (
					"DEBUG=1",
					"$(inherited)",
				);
				GCC_WARN_64_TO_32_BIT_CONVERSION = YES;
				GCC_WARN_ABOUT_RETURN_TYPE = YES_ERROR;
				GCC_WARN_UNDECLARED_SELECTOR = YES;
				GCC_WARN_UNINITIALIZED_AUTOS = YES_AGGRESSIVE;
				GCC_WARN_UNUSED_FUNCTION = YES;
				GCC_WARN_UNUSED_VARIABLE = YES;
				IPHONEOS_DEPLOYMENT_TARGET = 15.2;
				MTL_ENABLE_DEBUG_INFO = INCLUDE_SOURCE;
				MTL_FAST_MATH = YES;
				ONLY_ACTIVE_ARCH = YES;
				SDKROOT = iphoneos;
				SWIFT_ACTIVE_COMPILATION_CONDITIONS = DEBUG;
				SWIFT_OPTIMIZATION_LEVEL = "-Onone";
			};
			name = Debug;
		};
		F09B36BE288FBD930016B7E7 /* Release */ = {
			isa = XCBuildConfiguration;
			buildSettings = {
				ALWAYS_SEARCH_USER_PATHS = NO;
				CLANG_ANALYZER_NONNULL = YES;
				CLANG_ANALYZER_NUMBER_OBJECT_CONVERSION = YES_AGGRESSIVE;
				CLANG_CXX_LANGUAGE_STANDARD = "gnu++17";
				CLANG_CXX_LIBRARY = "libc++";
				CLANG_ENABLE_MODULES = YES;
				CLANG_ENABLE_OBJC_ARC = YES;
				CLANG_ENABLE_OBJC_WEAK = YES;
				CLANG_WARN_BLOCK_CAPTURE_AUTORELEASING = YES;
				CLANG_WARN_BOOL_CONVERSION = YES;
				CLANG_WARN_COMMA = YES;
				CLANG_WARN_CONSTANT_CONVERSION = YES;
				CLANG_WARN_DEPRECATED_OBJC_IMPLEMENTATIONS = YES;
				CLANG_WARN_DIRECT_OBJC_ISA_USAGE = YES_ERROR;
				CLANG_WARN_DOCUMENTATION_COMMENTS = YES;
				CLANG_WARN_EMPTY_BODY = YES;
				CLANG_WARN_ENUM_CONVERSION = YES;
				CLANG_WARN_INFINITE_RECURSION = YES;
				CLANG_WARN_INT_CONVERSION = YES;
				CLANG_WARN_NON_LITERAL_NULL_CONVERSION = YES;
				CLANG_WARN_OBJC_IMPLICIT_RETAIN_SELF = YES;
				CLANG_WARN_OBJC_LITERAL_CONVERSION = YES;
				CLANG_WARN_OBJC_ROOT_CLASS = YES_ERROR;
				CLANG_WARN_QUOTED_INCLUDE_IN_FRAMEWORK_HEADER = YES;
				CLANG_WARN_RANGE_LOOP_ANALYSIS = YES;
				CLANG_WARN_STRICT_PROTOTYPES = YES;
				CLANG_WARN_SUSPICIOUS_MOVE = YES;
				CLANG_WARN_UNGUARDED_AVAILABILITY = YES_AGGRESSIVE;
				CLANG_WARN_UNREACHABLE_CODE = YES;
				CLANG_WARN__DUPLICATE_METHOD_MATCH = YES;
				COPY_PHASE_STRIP = NO;
				DEBUG_INFORMATION_FORMAT = "dwarf-with-dsym";
				ENABLE_NS_ASSERTIONS = NO;
				ENABLE_STRICT_OBJC_MSGSEND = YES;
				GCC_C_LANGUAGE_STANDARD = gnu11;
				GCC_NO_COMMON_BLOCKS = YES;
				GCC_WARN_64_TO_32_BIT_CONVERSION = YES;
				GCC_WARN_ABOUT_RETURN_TYPE = YES_ERROR;
				GCC_WARN_UNDECLARED_SELECTOR = YES;
				GCC_WARN_UNINITIALIZED_AUTOS = YES_AGGRESSIVE;
				GCC_WARN_UNUSED_FUNCTION = YES;
				GCC_WARN_UNUSED_VARIABLE = YES;
				IPHONEOS_DEPLOYMENT_TARGET = 15.2;
				MTL_ENABLE_DEBUG_INFO = NO;
				MTL_FAST_MATH = YES;
				SDKROOT = iphoneos;
				SWIFT_COMPILATION_MODE = wholemodule;
				SWIFT_OPTIMIZATION_LEVEL = "-O";
				VALIDATE_PRODUCT = YES;
			};
			name = Release;
		};
		F09B36C0288FBD930016B7E7 /* Debug */ = {
			isa = XCBuildConfiguration;
			baseConfigurationReference = 591ACEBA9D0A1FD95335A3FD /* Pods-Coffee.debug.xcconfig */;
			buildSettings = {
				ASSETCATALOG_COMPILER_APPICON_NAME = AppIcon;
				ASSETCATALOG_COMPILER_GLOBAL_ACCENT_COLOR_NAME = AccentColor;
				CLANG_ENABLE_OBJC_ARC = NO;
				CODE_SIGN_STYLE = Automatic;
				CURRENT_PROJECT_VERSION = 1;
				DEVELOPMENT_TEAM = NG2NLR2Z86;
				FRAMEWORK_SEARCH_PATHS = (
					"$(inherited)",
					"$(PROJECT_DIR)/DaumMap.embeddedframework",
				);
				GENERATE_INFOPLIST_FILE = YES;
				INFOPLIST_FILE = Coffee/Info.plist;
				INFOPLIST_KEY_UIApplicationSupportsIndirectInputEvents = YES;
				INFOPLIST_KEY_UILaunchStoryboardName = LaunchScreen;
				INFOPLIST_KEY_UISupportedInterfaceOrientations_iPad = "UIInterfaceOrientationPortrait UIInterfaceOrientationPortraitUpsideDown UIInterfaceOrientationLandscapeLeft UIInterfaceOrientationLandscapeRight";
				INFOPLIST_KEY_UISupportedInterfaceOrientations_iPhone = "UIInterfaceOrientationPortrait UIInterfaceOrientationLandscapeLeft UIInterfaceOrientationLandscapeRight";
				IPHONEOS_DEPLOYMENT_TARGET = 15.2;
				LD_RUNPATH_SEARCH_PATHS = (
					"$(inherited)",
					"@executable_path/Frameworks",
				);
				MARKETING_VERSION = 1.0;
				PRODUCT_BUNDLE_IDENTIFIER = com.practice.Coffee;
				PRODUCT_NAME = "$(TARGET_NAME)";
				SWIFT_EMIT_LOC_STRINGS = YES;
				SWIFT_OBJC_BRIDGING_HEADER = Coffee/Header.h;
				SWIFT_VERSION = 5.0;
				TARGETED_DEVICE_FAMILY = "1,2";
			};
			name = Debug;
		};
		F09B36C1288FBD930016B7E7 /* Release */ = {
			isa = XCBuildConfiguration;
			baseConfigurationReference = A1451B950958890CE5AFDD1C /* Pods-Coffee.release.xcconfig */;
			buildSettings = {
				ASSETCATALOG_COMPILER_APPICON_NAME = AppIcon;
				ASSETCATALOG_COMPILER_GLOBAL_ACCENT_COLOR_NAME = AccentColor;
				CLANG_ENABLE_OBJC_ARC = NO;
				CODE_SIGN_STYLE = Automatic;
				CURRENT_PROJECT_VERSION = 1;
				DEVELOPMENT_TEAM = NG2NLR2Z86;
				FRAMEWORK_SEARCH_PATHS = (
					"$(inherited)",
					"$(PROJECT_DIR)/DaumMap.embeddedframework",
				);
				GENERATE_INFOPLIST_FILE = YES;
				INFOPLIST_FILE = Coffee/Info.plist;
				INFOPLIST_KEY_UIApplicationSupportsIndirectInputEvents = YES;
				INFOPLIST_KEY_UILaunchStoryboardName = LaunchScreen;
				INFOPLIST_KEY_UISupportedInterfaceOrientations_iPad = "UIInterfaceOrientationPortrait UIInterfaceOrientationPortraitUpsideDown UIInterfaceOrientationLandscapeLeft UIInterfaceOrientationLandscapeRight";
				INFOPLIST_KEY_UISupportedInterfaceOrientations_iPhone = "UIInterfaceOrientationPortrait UIInterfaceOrientationLandscapeLeft UIInterfaceOrientationLandscapeRight";
				IPHONEOS_DEPLOYMENT_TARGET = 15.2;
				LD_RUNPATH_SEARCH_PATHS = (
					"$(inherited)",
					"@executable_path/Frameworks",
				);
				MARKETING_VERSION = 1.0;
				PRODUCT_BUNDLE_IDENTIFIER = com.practice.Coffee;
				PRODUCT_NAME = "$(TARGET_NAME)";
				SWIFT_EMIT_LOC_STRINGS = YES;
				SWIFT_OBJC_BRIDGING_HEADER = Coffee/Header.h;
				SWIFT_VERSION = 5.0;
				TARGETED_DEVICE_FAMILY = "1,2";
			};
			name = Release;
		};
		F09B36C3288FBD930016B7E7 /* Debug */ = {
			isa = XCBuildConfiguration;
			baseConfigurationReference = C25C68E3BFA8D52F164220DF /* Pods-CoffeeTests.debug.xcconfig */;
			buildSettings = {
				ALWAYS_EMBED_SWIFT_STANDARD_LIBRARIES = YES;
				BUNDLE_LOADER = "$(TEST_HOST)";
				CODE_SIGN_STYLE = Automatic;
				CURRENT_PROJECT_VERSION = 1;
				DEVELOPMENT_TEAM = NG2NLR2Z86;
				GENERATE_INFOPLIST_FILE = YES;
				IPHONEOS_DEPLOYMENT_TARGET = 15.2;
				MARKETING_VERSION = 1.0;
				PRODUCT_BUNDLE_IDENTIFIER = com.practice.CoffeeTests;
				PRODUCT_NAME = "$(TARGET_NAME)";
				SWIFT_EMIT_LOC_STRINGS = NO;
				SWIFT_VERSION = 5.0;
				TARGETED_DEVICE_FAMILY = "1,2";
				TEST_HOST = "$(BUILT_PRODUCTS_DIR)/Coffee.app/Coffee";
			};
			name = Debug;
		};
		F09B36C4288FBD930016B7E7 /* Release */ = {
			isa = XCBuildConfiguration;
			baseConfigurationReference = DADEB1B072F00A23E8433CE6 /* Pods-CoffeeTests.release.xcconfig */;
			buildSettings = {
				ALWAYS_EMBED_SWIFT_STANDARD_LIBRARIES = YES;
				BUNDLE_LOADER = "$(TEST_HOST)";
				CODE_SIGN_STYLE = Automatic;
				CURRENT_PROJECT_VERSION = 1;
				DEVELOPMENT_TEAM = NG2NLR2Z86;
				GENERATE_INFOPLIST_FILE = YES;
				IPHONEOS_DEPLOYMENT_TARGET = 15.2;
				MARKETING_VERSION = 1.0;
				PRODUCT_BUNDLE_IDENTIFIER = com.practice.CoffeeTests;
				PRODUCT_NAME = "$(TARGET_NAME)";
				SWIFT_EMIT_LOC_STRINGS = NO;
				SWIFT_VERSION = 5.0;
				TARGETED_DEVICE_FAMILY = "1,2";
				TEST_HOST = "$(BUILT_PRODUCTS_DIR)/Coffee.app/Coffee";
			};
			name = Release;
		};
		F09B36C6288FBD930016B7E7 /* Debug */ = {
			isa = XCBuildConfiguration;
			baseConfigurationReference = 9822DC9F5B009252BF947B76 /* Pods-Coffee-CoffeeUITests.debug.xcconfig */;
			buildSettings = {
				ALWAYS_EMBED_SWIFT_STANDARD_LIBRARIES = YES;
				CODE_SIGN_STYLE = Automatic;
				CURRENT_PROJECT_VERSION = 1;
				DEVELOPMENT_TEAM = NG2NLR2Z86;
				GENERATE_INFOPLIST_FILE = YES;
				MARKETING_VERSION = 1.0;
				PRODUCT_BUNDLE_IDENTIFIER = com.practice.CoffeeUITests;
				PRODUCT_NAME = "$(TARGET_NAME)";
				SWIFT_EMIT_LOC_STRINGS = NO;
				SWIFT_VERSION = 5.0;
				TARGETED_DEVICE_FAMILY = "1,2";
				TEST_TARGET_NAME = Coffee;
			};
			name = Debug;
		};
		F09B36C7288FBD930016B7E7 /* Release */ = {
			isa = XCBuildConfiguration;
			baseConfigurationReference = 7167206C4540D42AE1DD3692 /* Pods-Coffee-CoffeeUITests.release.xcconfig */;
			buildSettings = {
				ALWAYS_EMBED_SWIFT_STANDARD_LIBRARIES = YES;
				CODE_SIGN_STYLE = Automatic;
				CURRENT_PROJECT_VERSION = 1;
				DEVELOPMENT_TEAM = NG2NLR2Z86;
				GENERATE_INFOPLIST_FILE = YES;
				MARKETING_VERSION = 1.0;
				PRODUCT_BUNDLE_IDENTIFIER = com.practice.CoffeeUITests;
				PRODUCT_NAME = "$(TARGET_NAME)";
				SWIFT_EMIT_LOC_STRINGS = NO;
				SWIFT_VERSION = 5.0;
				TARGETED_DEVICE_FAMILY = "1,2";
				TEST_TARGET_NAME = Coffee;
			};
			name = Release;
		};
/* End XCBuildConfiguration section */

/* Begin XCConfigurationList section */
		F09B3690288FBD910016B7E7 /* Build configuration list for PBXProject "Coffee" */ = {
			isa = XCConfigurationList;
			buildConfigurations = (
				F09B36BD288FBD930016B7E7 /* Debug */,
				F09B36BE288FBD930016B7E7 /* Release */,
			);
			defaultConfigurationIsVisible = 0;
			defaultConfigurationName = Release;
		};
		F09B36BF288FBD930016B7E7 /* Build configuration list for PBXNativeTarget "Coffee" */ = {
			isa = XCConfigurationList;
			buildConfigurations = (
				F09B36C0288FBD930016B7E7 /* Debug */,
				F09B36C1288FBD930016B7E7 /* Release */,
			);
			defaultConfigurationIsVisible = 0;
			defaultConfigurationName = Release;
		};
		F09B36C2288FBD930016B7E7 /* Build configuration list for PBXNativeTarget "CoffeeTests" */ = {
			isa = XCConfigurationList;
			buildConfigurations = (
				F09B36C3288FBD930016B7E7 /* Debug */,
				F09B36C4288FBD930016B7E7 /* Release */,
			);
			defaultConfigurationIsVisible = 0;
			defaultConfigurationName = Release;
		};
		F09B36C5288FBD930016B7E7 /* Build configuration list for PBXNativeTarget "CoffeeUITests" */ = {
			isa = XCConfigurationList;
			buildConfigurations = (
				F09B36C6288FBD930016B7E7 /* Debug */,
				F09B36C7288FBD930016B7E7 /* Release */,
			);
			defaultConfigurationIsVisible = 0;
			defaultConfigurationName = Release;
		};
/* End XCConfigurationList section */

/* Begin XCRemoteSwiftPackageReference section */
		F0FA0074289528E400CA229E /* XCRemoteSwiftPackageReference "firebase-ios-sdk" */ = {
			isa = XCRemoteSwiftPackageReference;
			repositoryURL = "https://github.com/firebase/firebase-ios-sdk";
			requirement = {
				kind = upToNextMajorVersion;
				minimumVersion = 9.0.0;
			};
		};
		F0FAE6B02890CF8A002C3BC3 /* XCRemoteSwiftPackageReference "SnapKit" */ = {
			isa = XCRemoteSwiftPackageReference;
			repositoryURL = "https://github.com/SnapKit/SnapKit.git";
			requirement = {
				branch = develop;
				kind = branch;
			};
		};
/* End XCRemoteSwiftPackageReference section */

/* Begin XCSwiftPackageProductDependency section */
		F0135BF028960A6D00C087AE /* FirebaseStorage */ = {
			isa = XCSwiftPackageProductDependency;
			package = F0FA0074289528E400CA229E /* XCRemoteSwiftPackageReference "firebase-ios-sdk" */;
			productName = FirebaseStorage;
		};
		F0FA0075289528E400CA229E /* FirebaseAnalytics */ = {
			isa = XCSwiftPackageProductDependency;
			package = F0FA0074289528E400CA229E /* XCRemoteSwiftPackageReference "firebase-ios-sdk" */;
			productName = FirebaseAnalytics;
		};
		F0FA0077289528E400CA229E /* FirebaseAuth */ = {
			isa = XCSwiftPackageProductDependency;
			package = F0FA0074289528E400CA229E /* XCRemoteSwiftPackageReference "firebase-ios-sdk" */;
			productName = FirebaseAuth;
		};
		F0FA0079289528E400CA229E /* FirebaseDatabase */ = {
			isa = XCSwiftPackageProductDependency;
			package = F0FA0074289528E400CA229E /* XCRemoteSwiftPackageReference "firebase-ios-sdk" */;
			productName = FirebaseDatabase;
		};
		F0FAE6B12890CF8A002C3BC3 /* SnapKit */ = {
			isa = XCSwiftPackageProductDependency;
			package = F0FAE6B02890CF8A002C3BC3 /* XCRemoteSwiftPackageReference "SnapKit" */;
			productName = SnapKit;
		};
/* End XCSwiftPackageProductDependency section */
	};
	rootObject = F09B368D288FBD910016B7E7 /* Project object */;
}
